
Microsoft Visual Studio Solution File, Format Version 12.00
# Visual Studio Version 17
VisualStudioVersion = 17.0.31903.59
MinimumVisualStudioVersion = 10.0.40219.1
Project("{8BC9CEB8-8B4A-11D0-8D11-00A0C91BC942}") = "StrategyGame", "StrategyGame\StrategyGame.vcxproj", "{367AA178-CD99-4D50-8A1E-905AC2A76820}"
EndProject
Global
	GlobalSection(SolutionConfigurationPlatforms) = preSolution
		Debug|x64 = Debug|x64
		Debug|x86 = Debug|x86
		Release|x64 = Release|x64
		Release|x86 = Release|x86
	EndGlobalSection
	GlobalSection(ProjectConfigurationPlatforms) = postSolution
		{367AA178-CD99-4D50-8A1E-905AC2A76820}.Debug|x64.ActiveCfg = Debug|x64
		{367AA178-CD99-4D50-8A1E-905AC2A76820}.Debug|x64.Build.0 = Debug|x64
		{367AA178-CD99-4D50-8A1E-905AC2A76820}.Debug|x86.ActiveCfg = Debug|Win32
		{367AA178-CD99-4D50-8A1E-905AC2A76820}.Debug|x86.Build.0 = Debug|Win32
		{367AA178-CD99-4D50-8A1E-905AC2A76820}.Release|x64.ActiveCfg = Release|x64
		{367AA178-CD99-4D50-8A1E-905AC2A76820}.Release|x64.Build.0 = Release|x64
		{367AA178-CD99-4D50-8A1E-905AC2A76820}.Release|x86.ActiveCfg = Release|Win32
		{367AA178-CD99-4D50-8A1E-905AC2A76820}.Release|x86.Build.0 = Release|Win32
	EndGlobalSection
	GlobalSection(SolutionProperties) = preSolution
		HideSolutionNode = FALSE
	EndGlobalSection
	GlobalSection(ExtensibilityGlobals) = postSolution
		SolutionGuid = {EC978643-21B8-4BF3-AE60-5FBFB4D9DFC3}
	EndGlobalSection
EndGlobal
